Microsoft Visual Studio Solution File, Format Version 12.00
# Visual Studio Version 17
VisualStudioVersion = 17.5.2.0
MinimumVisualStudioVersion = 10.0.40219.1
Project("{FAE04EC0-301F-11D3-BF4B-00C04F79EFBC}") = "MyApiRest", "MyApiRest\MyApiRest.csproj", "{77C43001-32DC-90D2-E421-6E65B5663963}"
EndProject
Global
	GlobalSection(SolutionConfigurationPlatforms) = preSolution
		Debug|Any CPU = Debug|Any CPU
		Release|Any CPU = Release|Any CPU
	EndGlobalSection
	GlobalSection(ProjectConfigurationPlatforms) = postSolution
		{77C43001-32DC-90D2-E421-6E65B5663963}.Debug|Any CPU.ActiveCfg = Debug|Any CPU
		{77C43001-32DC-90D2-E421-6E65B5663963}.Debug|Any CPU.Build.0 = Debug|Any CPU
		{77C43001-32DC-90D2-E421-6E65B5663963}.Release|Any CPU.ActiveCfg = Release|Any CPU
		{77C43001-32DC-90D2-E421-6E65B5663963}.Release|Any CPU.Build.0 = Release|Any CPU
	EndGlobalSection
	GlobalSection(SolutionProperties) = preSolution
		HideSolutionNode = FALSE
	EndGlobalSection
	GlobalSection(ExtensibilityGlobals) = postSolution
		SolutionGuid = {D86D5406-77AB-4018-9417-A171C370AA2E}
	EndGlobalSection
EndGlobal
